
Microsoft Visual Studio Solution File, Format Version 12.00
# Visual Studio Version 16
VisualStudioVersion = 16.0.30523.141
MinimumVisualStudioVersion = 10.0.40219.1
Project("{8BC9CEB8-8B4A-11D0-8D11-00A0C91BC942}") = "Queue using Linked List", "Queue using Linked List\Queue using Linked List.vcxproj", "{CD4232EA-DEE0-4C5D-94B3-6B09AD3D0586}"
EndProject
Global
	GlobalSection(SolutionConfigurationPlatforms) = preSolution
		Debug|x64 = Debug|x64
		Debug|x86 = Debug|x86
		Release|x64 = Release|x64
		Release|x86 = Release|x86
	EndGlobalSection
	GlobalSection(ProjectConfigurationPlatforms) = postSolution
		{CD4232EA-DEE0-4C5D-94B3-6B09AD3D0586}.Debug|x64.ActiveCfg = Debug|x64
		{CD4232EA-DEE0-4C5D-94B3-6B09AD3D0586}.Debug|x64.Build.0 = Debug|x64
		{CD4232EA-DEE0-4C5D-94B3-6B09AD3D0586}.Debug|x86.ActiveCfg = Debug|Win32
		{CD4232EA-DEE0-4C5D-94B3-6B09AD3D0586}.Debug|x86.Build.0 = Debug|Win32
		{CD4232EA-DEE0-4C5D-94B3-6B09AD3D0586}.Release|x64.ActiveCfg = Release|x64
		{CD4232EA-DEE0-4C5D-94B3-6B09AD3D0586}.Release|x64.Build.0 = Release|x64
		{CD4232EA-DEE0-4C5D-94B3-6B09AD3D0586}.Release|x86.ActiveCfg = Release|Win32
		{CD4232EA-DEE0-4C5D-94B3-6B09AD3D0586}.Release|x86.Build.0 = Release|Win32
	EndGlobalSection
	GlobalSection(SolutionProperties) = preSolution
		HideSolutionNode = FALSE
	EndGlobalSection
	GlobalSection(ExtensibilityGlobals) = postSolution
		SolutionGuid = {C62D4429-B954-4BBF-9168-532D88215A04}
	EndGlobalSection
EndGlobal
